github.com/bit101/bitlib v0.4.9 h1:pu+n9mfj/P8F4DrjKl6JLolQcnetMWLYT9ohq4+7E9A=
github.com/bit101/bitlib v0.4.9/go.mod h1:d0L7f0E8a21VD7cDuVuIsNyD4yqqxZsvgKxh5Nx433E=
github.com/bit101/blcairo v1.2.3 h1:xqIJDIpdaVcPJqEl5ndI4z8HUDFsU9uJUQLJLlJDS0E=
github.com/bit101/blcairo v1.2.3/go.mod h1:jwYZXIA8PiRq8BJTRkWfYSKvE7D22+QaUe2RnlzpnMI=
